
Microsoft Visual Studio Solution File, Format Version 12.00
# Visual Studio Version 16
VisualStudioVersion = 16.0.31105.61
MinimumVisualStudioVersion = 10.0.40219.1
Project("{8BC9CEB8-8B4A-11D0-8D11-00A0C91BC942}") = "opengl_03_midpoint_algo", "opengl_03_midpoint_algo\opengl_03_midpoint_algo.vcxproj", "{34B25D68-2001-4FFF-BAD9-A9D3C3118298}"
EndProject
Global
	GlobalSection(SolutionConfigurationPlatforms) = preSolution
		Debug|x64 = Debug|x64
		Debug|x86 = Debug|x86
		Release|x64 = Release|x64
		Release|x86 = Release|x86
	EndGlobalSection
	GlobalSection(ProjectConfigurationPlatforms) = postSolution
		{34B25D68-2001-4FFF-BAD9-A9D3C3118298}.Debug|x64.ActiveCfg = Debug|x64
		{34B25D68-2001-4FFF-BAD9-A9D3C3118298}.Debug|x64.Build.0 = Debug|x64
		{34B25D68-2001-4FFF-BAD9-A9D3C3118298}.Debug|x86.ActiveCfg = Debug|Win32
		{34B25D68-2001-4FFF-BAD9-A9D3C3118298}.Debug|x86.Build.0 = Debug|Win32
		{34B25D68-2001-4FFF-BAD9-A9D3C3118298}.Release|x64.ActiveCfg = Release|x64
		{34B25D68-2001-4FFF-BAD9-A9D3C3118298}.Release|x64.Build.0 = Release|x64
		{34B25D68-2001-4FFF-BAD9-A9D3C3118298}.Release|x86.ActiveCfg = Release|Win32
		{34B25D68-2001-4FFF-BAD9-A9D3C3118298}.Release|x86.Build.0 = Release|Win32
	EndGlobalSection
	GlobalSection(SolutionProperties) = preSolution
		HideSolutionNode = FALSE
	EndGlobalSection
	GlobalSection(ExtensibilityGlobals) = postSolution
		SolutionGuid = {E73E45E8-5F24-458D-95F6-7E4A48522493}
	EndGlobalSection
EndGlobal
